
Microsoft Visual Studio Solution File, Format Version 12.00
# Visual Studio Version 17
VisualStudioVersion = 17.8.34330.188
MinimumVisualStudioVersion = 10.0.40219.1
Project("{FAE04EC0-301F-11D3-BF4B-00C04F79EFBC}") = "HelloWorld", "HelloWorld\HelloWorld.csproj", "{089C9CF8-0FF2-46CC-84F9-BF2E0FCDA629}"
EndProject
Global
	GlobalSection(SolutionConfigurationPlatforms) = preSolution
		Debug|Any CPU = Debug|Any CPU
		Release|Any CPU = Release|Any CPU
	EndGlobalSection
	GlobalSection(ProjectConfigurationPlatforms) = postSolution
		{089C9CF8-0FF2-46CC-84F9-BF2E0FCDA629}.Debug|Any CPU.ActiveCfg = Debug|Any CPU
		{089C9CF8-0FF2-46CC-84F9-BF2E0FCDA629}.Debug|Any CPU.Build.0 = Debug|Any CPU
		{089C9CF8-0FF2-46CC-84F9-BF2E0FCDA629}.Release|Any CPU.ActiveCfg = Release|Any CPU
		{089C9CF8-0FF2-46CC-84F9-BF2E0FCDA629}.Release|Any CPU.Build.0 = Release|Any CPU
	EndGlobalSection
	GlobalSection(SolutionProperties) = preSolution
		HideSolutionNode = FALSE
	EndGlobalSection
	GlobalSection(ExtensibilityGlobals) = postSolution
		SolutionGuid = {58322BF3-AB4B-4C9B-9317-56472BA4BD88}
	EndGlobalSection
EndGlobal
