
Microsoft Visual Studio Solution File, Format Version 12.00
# Visual Studio Version 17
VisualStudioVersion = 17.8.34330.188
MinimumVisualStudioVersion = 10.0.40219.1
Project("{9A19103F-16F7-4668-BE54-9A1E7A4F7556}") = "HelloWorld", "HelloWorld.csproj", "{9B707FB2-BFC7-45AA-BA8B-958FF62955EC}"
EndProject
Project("{9A19103F-16F7-4668-BE54-9A1E7A4F7556}") = "TravelQuotesApi", "..\TravelQuotesApi\TravelQuotesApi.csproj", "{1409E0A5-9244-487A-831D-2318A979AFAC}"
EndProject
Project("{9A19103F-16F7-4668-BE54-9A1E7A4F7556}") = "BlogCMS", "..\BlogCMS\BlogCMS.csproj", "{9BBCB94E-335B-48AB-89C3-8B4E72E86388}"
EndProject
Project("{FAE04EC0-301F-11D3-BF4B-00C04F79EFBC}") = "WeatherWorkerService", "..\WeatherWorkerService\WeatherWorkerService.csproj", "{0230DC23-23F9-4A8F-9C70-0F1C5899B7EE}"
EndProject
Global
	GlobalSection(SolutionConfigurationPlatforms) = preSolution
		Debug|Any CPU = Debug|Any CPU
		Release|Any CPU = Release|Any CPU
	EndGlobalSection
	GlobalSection(ProjectConfigurationPlatforms) = postSolution
		{9B707FB2-BFC7-45AA-BA8B-958FF62955EC}.Debug|Any CPU.ActiveCfg = Debug|Any CPU
		{9B707FB2-BFC7-45AA-BA8B-958FF62955EC}.Debug|Any CPU.Build.0 = Debug|Any CPU
		{9B707FB2-BFC7-45AA-BA8B-958FF62955EC}.Release|Any CPU.ActiveCfg = Release|Any CPU
		{9B707FB2-BFC7-45AA-BA8B-958FF62955EC}.Release|Any CPU.Build.0 = Release|Any CPU
		{1409E0A5-9244-487A-831D-2318A979AFAC}.Debug|Any CPU.ActiveCfg = Debug|Any CPU
		{1409E0A5-9244-487A-831D-2318A979AFAC}.Debug|Any CPU.Build.0 = Debug|Any CPU
		{1409E0A5-9244-487A-831D-2318A979AFAC}.Release|Any CPU.ActiveCfg = Release|Any CPU
		{1409E0A5-9244-487A-831D-2318A979AFAC}.Release|Any CPU.Build.0 = Release|Any CPU
		{9BBCB94E-335B-48AB-89C3-8B4E72E86388}.Debug|Any CPU.ActiveCfg = Debug|Any CPU
		{9BBCB94E-335B-48AB-89C3-8B4E72E86388}.Debug|Any CPU.Build.0 = Debug|Any CPU
		{9BBCB94E-335B-48AB-89C3-8B4E72E86388}.Release|Any CPU.ActiveCfg = Release|Any CPU
		{9BBCB94E-335B-48AB-89C3-8B4E72E86388}.Release|Any CPU.Build.0 = Release|Any CPU
		{0230DC23-23F9-4A8F-9C70-0F1C5899B7EE}.Debug|Any CPU.ActiveCfg = Debug|Any CPU
		{0230DC23-23F9-4A8F-9C70-0F1C5899B7EE}.Debug|Any CPU.Build.0 = Debug|Any CPU
		{0230DC23-23F9-4A8F-9C70-0F1C5899B7EE}.Release|Any CPU.ActiveCfg = Release|Any CPU
		{0230DC23-23F9-4A8F-9C70-0F1C5899B7EE}.Release|Any CPU.Build.0 = Release|Any CPU
	EndGlobalSection
	GlobalSection(SolutionProperties) = preSolution
		HideSolutionNode = FALSE
	EndGlobalSection
	GlobalSection(ExtensibilityGlobals) = postSolution
		SolutionGuid = {5CFB2C76-42EB-43D6-83CB-A89B69A2449D}
	EndGlobalSection
EndGlobal
