
Microsoft Visual Studio Solution File, Format Version 12.00
# Visual Studio Version 17
VisualStudioVersion = 17.8.34330.188
MinimumVisualStudioVersion = 10.0.40219.1
Project("{9A19103F-16F7-4668-BE54-9A1E7A4F7556}") = "SignalrImplementation", "SignalrImplementation.csproj", "{44FEE744-F056-4DA3-8CA3-6E4DC28E3454}"
EndProject
Project("{FAE04EC0-301F-11D3-BF4B-00C04F79EFBC}") = "TestMVC", "..\TestMVC\TestMVC.csproj", "{A071BE66-5E56-446A-BBDF-89AC9EC9B243}"
EndProject
Global
	GlobalSection(SolutionConfigurationPlatforms) = preSolution
		Debug|Any CPU = Debug|Any CPU
		Release|Any CPU = Release|Any CPU
	EndGlobalSection
	GlobalSection(ProjectConfigurationPlatforms) = postSolution
		{44FEE744-F056-4DA3-8CA3-6E4DC28E3454}.Debug|Any CPU.ActiveCfg = Debug|Any CPU
		{44FEE744-F056-4DA3-8CA3-6E4DC28E3454}.Debug|Any CPU.Build.0 = Debug|Any CPU
		{44FEE744-F056-4DA3-8CA3-6E4DC28E3454}.Release|Any CPU.ActiveCfg = Release|Any CPU
		{44FEE744-F056-4DA3-8CA3-6E4DC28E3454}.Release|Any CPU.Build.0 = Release|Any CPU
		{A071BE66-5E56-446A-BBDF-89AC9EC9B243}.Debug|Any CPU.ActiveCfg = Debug|Any CPU
		{A071BE66-5E56-446A-BBDF-89AC9EC9B243}.Debug|Any CPU.Build.0 = Debug|Any CPU
		{A071BE66-5E56-446A-BBDF-89AC9EC9B243}.Release|Any CPU.ActiveCfg = Release|Any CPU
		{A071BE66-5E56-446A-BBDF-89AC9EC9B243}.Release|Any CPU.Build.0 = Release|Any CPU
	EndGlobalSection
	GlobalSection(SolutionProperties) = preSolution
		HideSolutionNode = FALSE
	EndGlobalSection
	GlobalSection(ExtensibilityGlobals) = postSolution
		SolutionGuid = {386D74BF-71DD-4BF3-A188-430D3B187F92}
	EndGlobalSection
EndGlobal
